
Microsoft Visual Studio Solution File, Format Version 12.00
# Visual Studio Version 17
VisualStudioVersion = 17.12.35707.178
MinimumVisualStudioVersion = 10.0.40219.1
Project("{FAE04EC0-301F-11D3-BF4B-00C04F79EFBC}") = "priseRendezVous", "priseRendezVous\priseRendezVous.csproj", "{DA86504B-0AD6-44DA-8AA0-0D0E2383FB14}"
EndProject
Project("{FAE04EC0-301F-11D3-BF4B-00C04F79EFBC}") = "MetierRvMedical", "MetierRvMedical\MetierRvMedical.csproj", "{DC115046-ED10-4D67-A4A7-999AFAC4EA2F}"
EndProject
Project("{FAE04EC0-301F-11D3-BF4B-00C04F79EFBC}") = "APIRvMedical", "APIRvMedical\APIRvMedical.csproj", "{9F05F2E6-3A51-476C-927E-4DD20B0BB63A}"
EndProject
Global
	GlobalSection(SolutionConfigurationPlatforms) = preSolution
		Debug|Any CPU = Debug|Any CPU
		Release|Any CPU = Release|Any CPU
	EndGlobalSection
	GlobalSection(ProjectConfigurationPlatforms) = postSolution
		{DA86504B-0AD6-44DA-8AA0-0D0E2383FB14}.Debug|Any CPU.ActiveCfg = Debug|Any CPU
		{DA86504B-0AD6-44DA-8AA0-0D0E2383FB14}.Debug|Any CPU.Build.0 = Debug|Any CPU
		{DA86504B-0AD6-44DA-8AA0-0D0E2383FB14}.Release|Any CPU.ActiveCfg = Release|Any CPU
		{DA86504B-0AD6-44DA-8AA0-0D0E2383FB14}.Release|Any CPU.Build.0 = Release|Any CPU
		{DC115046-ED10-4D67-A4A7-999AFAC4EA2F}.Debug|Any CPU.ActiveCfg = Debug|Any CPU
		{DC115046-ED10-4D67-A4A7-999AFAC4EA2F}.Debug|Any CPU.Build.0 = Debug|Any CPU
		{DC115046-ED10-4D67-A4A7-999AFAC4EA2F}.Release|Any CPU.ActiveCfg = Release|Any CPU
		{DC115046-ED10-4D67-A4A7-999AFAC4EA2F}.Release|Any CPU.Build.0 = Release|Any CPU
		{9F05F2E6-3A51-476C-927E-4DD20B0BB63A}.Debug|Any CPU.ActiveCfg = Debug|Any CPU
		{9F05F2E6-3A51-476C-927E-4DD20B0BB63A}.Debug|Any CPU.Build.0 = Debug|Any CPU
		{9F05F2E6-3A51-476C-927E-4DD20B0BB63A}.Release|Any CPU.ActiveCfg = Release|Any CPU
		{9F05F2E6-3A51-476C-927E-4DD20B0BB63A}.Release|Any CPU.Build.0 = Release|Any CPU
	EndGlobalSection
	GlobalSection(SolutionProperties) = preSolution
		HideSolutionNode = FALSE
	EndGlobalSection
	GlobalSection(ExtensibilityGlobals) = postSolution
		SolutionGuid = {6389896D-84BB-4E11-A2E4-AA6EC295B6E5}
	EndGlobalSection
EndGlobal
